
Microsoft Visual Studio Solution File, Format Version 12.00
# Visual Studio Version 17
VisualStudioVersion = 17.2.32602.215
MinimumVisualStudioVersion = 10.0.40219.1
Project("{FAE04EC0-301F-11D3-BF4B-00C04F79EFBC}") = "ConsoleApp2", "ConsoleApp2\ConsoleApp2.csproj", "{1F82EC85-E527-4085-A49A-41C7E609782F}"
EndProject
Global
	GlobalSection(SolutionConfigurationPlatforms) = preSolution
		Debug|Any CPU = Debug|Any CPU
		Release|Any CPU = Release|Any CPU
	EndGlobalSection
	GlobalSection(ProjectConfigurationPlatforms) = postSolution
		{1F82EC85-E527-4085-A49A-41C7E609782F}.Debug|Any CPU.ActiveCfg = Debug|Any CPU
		{1F82EC85-E527-4085-A49A-41C7E609782F}.Debug|Any CPU.Build.0 = Debug|Any CPU
		{1F82EC85-E527-4085-A49A-41C7E609782F}.Release|Any CPU.ActiveCfg = Release|Any CPU
		{1F82EC85-E527-4085-A49A-41C7E609782F}.Release|Any CPU.Build.0 = Release|Any CPU
	EndGlobalSection
	GlobalSection(SolutionProperties) = preSolution
		HideSolutionNode = FALSE
	EndGlobalSection
	GlobalSection(ExtensibilityGlobals) = postSolution
		SolutionGuid = {B45BF669-8E09-4F67-9CBE-BD6D7CA4D515}
	EndGlobalSection
EndGlobal
